# This file is automatically @generated by Cargo.
# It is not intended for manual editing.
[[package]]
name = "anymap"
version = "0.12.1"
source = "registry+https://github.com/rust-lang/crates.io-index"

[[package]]
name = "bitflags"
version = "1.2.1"
source = "registry+https://github.com/rust-lang/crates.io-index"

[[package]]
name = "cc"
version = "1.0.47"
source = "registry+https://github.com/rust-lang/crates.io-index"

[[package]]
name = "cfg-if"
version = "0.1.10"
source = "registry+https://github.com/rust-lang/crates.io-index"

[[package]]
name = "libc"
version = "0.2.65"
source = "registry+https://github.com/rust-lang/crates.io-index"

[[package]]
name = "nix"
version = "0.14.1"
source = "registry+https://github.com/rust-lang/crates.io-index"
dependencies = [
 "bitflags 1.2.1 (registry+https://github.com/rust-lang/crates.io-index)",
 "cc 1.0.47 (registry+https://github.com/rust-lang/crates.io-index)",
 "cfg-if 0.1.10 (registry+https://github.com/rust-lang/crates.io-index)",
 "libc 0.2.65 (registry+https://github.com/rust-lang/crates.io-index)",
 "void 1.0.2 (registry+https://github.com/rust-lang/crates.io-index)",
]

[[package]]
name = "rustmatic"
version = "0.1.0"
dependencies = [
 "slotmap 0.4.0 (registry+https://github.com/rust-lang/crates.io-index)",
]

[[package]]
name = "rustmatic-core"
version = "0.1.0"
dependencies = [
 "anymap 0.12.1 (registry+https://github.com/rust-lang/crates.io-index)",
 "slotmap 0.4.0 (registry+https://github.com/rust-lang/crates.io-index)",
]

[[package]]
name = "rustmatic-gpio"
version = "0.1.0"
dependencies = [
 "rustmatic-core 0.1.0",
 "sysfs_gpio 0.5.4 (registry+https://github.com/rust-lang/crates.io-index)",
]

[[package]]
name = "rustmatic-runtime"
version = "0.1.0"
dependencies = [
 "rustmatic-core 0.1.0",
 "slotmap 0.4.0 (registry+https://github.com/rust-lang/crates.io-index)",
]

[[package]]
name = "slotmap"
version = "0.4.0"
source = "registry+https://github.com/rust-lang/crates.io-index"

[[package]]
name = "sysfs_gpio"
version = "0.5.4"
source = "registry+https://github.com/rust-lang/crates.io-index"
dependencies = [
 "nix 0.14.1 (registry+https://github.com/rust-lang/crates.io-index)",
]

[[package]]
name = "void"
version = "1.0.2"
source = "registry+https://github.com/rust-lang/crates.io-index"

[metadata]
"checksum anymap 0.12.1 (registry+https://github.com/rust-lang/crates.io-index)" = "33954243bd79057c2de7338850b85983a44588021f8a5fee574a8888c6de4344"
"checksum bitflags 1.2.1 (registry+https://github.com/rust-lang/crates.io-index)" = "cf1de2fe8c75bc145a2f577add951f8134889b4795d47466a54a5c846d691693"
"checksum cc 1.0.47 (registry+https://github.com/rust-lang/crates.io-index)" = "aa87058dce70a3ff5621797f1506cb837edd02ac4c0ae642b4542dce802908b8"
"checksum cfg-if 0.1.10 (registry+https://github.com/rust-lang/crates.io-index)" = "4785bdd1c96b2a846b2bd7cc02e86b6b3dbf14e7e53446c4f54c92a361040822"
"checksum libc 0.2.65 (registry+https://github.com/rust-lang/crates.io-index)" = "1a31a0627fdf1f6a39ec0dd577e101440b7db22672c0901fe00a9a6fbb5c24e8"
"checksum nix 0.14.1 (registry+https://github.com/rust-lang/crates.io-index)" = "6c722bee1037d430d0f8e687bbdbf222f27cc6e4e68d5caf630857bb2b6dbdce"
"checksum slotmap 0.4.0 (registry+https://github.com/rust-lang/crates.io-index)" = "c46a3482db8f247956e464d783693ece164ca056e6e67563ee5505bdb86452cd"
"checksum sysfs_gpio 0.5.4 (registry+https://github.com/rust-lang/crates.io-index)" = "24961a55846623d8e4f6cec38718945116fed8d6970336a7110710a07aa9b5d1"
"checksum void 1.0.2 (registry+https://github.com/rust-lang/crates.io-index)" = "6a02e4885ed3bc0f2de90ea6dd45ebcbb66dacffe03547fadbb0eeae2770887d"
